
Microsoft Visual Studio Solution File, Format Version 10.00
# Visual Studio 2008
Project("{FAE04EC0-301F-11D3-BF4B-00C04F79EFBC}") = "RPMSBuildTasks", "RPMSBuildTasks\RPMSBuildTasks.csproj", "{699783CE-9805-446F-BA2B-2B9BB3935558}"
EndProject
Project("{FAE04EC0-301F-11D3-BF4B-00C04F79EFBC}") = "RPMSBuildTasksTests", "RPMSBuildTasksTests\RPMSBuildTasksTests.csproj", "{AB479025-D936-44C9-A04A-E002761BFE78}"
EndProject
Global
	GlobalSection(SolutionConfigurationPlatforms) = preSolution
		Debug|Any CPU = Debug|Any CPU
		Release|Any CPU = Release|Any CPU
	EndGlobalSection
	GlobalSection(ProjectConfigurationPlatforms) = postSolution
		{699783CE-9805-446F-BA2B-2B9BB3935558}.Debug|Any CPU.ActiveCfg = Debug|Any CPU
		{699783CE-9805-446F-BA2B-2B9BB3935558}.Debug|Any CPU.Build.0 = Debug|Any CPU
		{699783CE-9805-446F-BA2B-2B9BB3935558}.Release|Any CPU.ActiveCfg = Release|Any CPU
		{699783CE-9805-446F-BA2B-2B9BB3935558}.Release|Any CPU.Build.0 = Release|Any CPU
		{AB479025-D936-44C9-A04A-E002761BFE78}.Debug|Any CPU.ActiveCfg = Debug|Any CPU
		{AB479025-D936-44C9-A04A-E002761BFE78}.Debug|Any CPU.Build.0 = Debug|Any CPU
		{AB479025-D936-44C9-A04A-E002761BFE78}.Release|Any CPU.ActiveCfg = Release|Any CPU
		{AB479025-D936-44C9-A04A-E002761BFE78}.Release|Any CPU.Build.0 = Release|Any CPU
	EndGlobalSection
	GlobalSection(SolutionProperties) = preSolution
		HideSolutionNode = FALSE
	EndGlobalSection
EndGlobal
